
Microsoft Visual Studio Solution File, Format Version 12.00
# Visual Studio 15
Project("{FAE04EC0-301F-11D3-BF4B-00C04F79EFBC}") = "XUnitTesting", "XUnitTesting\XUnitTesting.csproj", "{39F3329A-6C49-4F17-B7D9-D537F5726F4E}"
EndProject
Project("{2150E333-8FDC-42A3-9474-1A3956D46DE8}") = "Application", "Application", "{3233B9CB-E4F4-44C8-A938-084A896F749B}"
EndProject
Project("{FAE04EC0-301F-11D3-BF4B-00C04F79EFBC}") = "TestingTest.Android", "Application\TestingTest.Android\TestingTest.Android.csproj", "{64001F1D-C191-4664-9841-B35BB5858DC9}"
EndProject
Project("{FAE04EC0-301F-11D3-BF4B-00C04F79EFBC}") = "TestingTest.iOS", "Application\TestingTest.iOS\TestingTest.iOS.csproj", "{35CE5E41-5EAB-4C3A-BDBD-D87A7A0729CF}"
EndProject
Project("{FAE04EC0-301F-11D3-BF4B-00C04F79EFBC}") = "TestingTest.UITests", "Application\TestingTest.UITests\TestingTest.UITests.csproj", "{B750841C-12E8-414C-8E09-1B580236C42E}"
EndProject
Project("{FAE04EC0-301F-11D3-BF4B-00C04F79EFBC}") = "TestingTest", "Application\TestingTest\TestingTest.csproj", "{94EE3857-4BAE-4733-B4C5-6941A94DA916}"
EndProject
Project("{FAE04EC0-301F-11D3-BF4B-00C04F79EFBC}") = "XF.Capisoft.UITest", "XF.Capisoft.UITest\XF.Capisoft.UITest.csproj", "{3D7B3C08-E62E-460F-9F2C-8C17CDA7F62E}"
EndProject
Global
	GlobalSection(SolutionConfigurationPlatforms) = preSolution
		Debug|Any CPU = Debug|Any CPU
		Release|Any CPU = Release|Any CPU
		Debug|iPhoneSimulator = Debug|iPhoneSimulator
		Release|iPhoneSimulator = Release|iPhoneSimulator
		Debug|iPhone = Debug|iPhone
		Release|iPhone = Release|iPhone
	EndGlobalSection
	GlobalSection(ProjectConfigurationPlatforms) = postSolution
		{39F3329A-6C49-4F17-B7D9-D537F5726F4E}.Debug|Any CPU.ActiveCfg = Debug|Any CPU
		{39F3329A-6C49-4F17-B7D9-D537F5726F4E}.Debug|Any CPU.Build.0 = Debug|Any CPU
		{39F3329A-6C49-4F17-B7D9-D537F5726F4E}.Release|Any CPU.ActiveCfg = Release|Any CPU
		{39F3329A-6C49-4F17-B7D9-D537F5726F4E}.Release|Any CPU.Build.0 = Release|Any CPU
		{39F3329A-6C49-4F17-B7D9-D537F5726F4E}.Debug|iPhoneSimulator.ActiveCfg = Debug|Any CPU
		{39F3329A-6C49-4F17-B7D9-D537F5726F4E}.Debug|iPhoneSimulator.Build.0 = Debug|Any CPU
		{39F3329A-6C49-4F17-B7D9-D537F5726F4E}.Release|iPhoneSimulator.ActiveCfg = Release|Any CPU
		{39F3329A-6C49-4F17-B7D9-D537F5726F4E}.Release|iPhoneSimulator.Build.0 = Release|Any CPU
		{39F3329A-6C49-4F17-B7D9-D537F5726F4E}.Debug|iPhone.ActiveCfg = Debug|Any CPU
		{39F3329A-6C49-4F17-B7D9-D537F5726F4E}.Debug|iPhone.Build.0 = Debug|Any CPU
		{39F3329A-6C49-4F17-B7D9-D537F5726F4E}.Release|iPhone.ActiveCfg = Release|Any CPU
		{39F3329A-6C49-4F17-B7D9-D537F5726F4E}.Release|iPhone.Build.0 = Release|Any CPU
		{64001F1D-C191-4664-9841-B35BB5858DC9}.Debug|Any CPU.ActiveCfg = Debug|Any CPU
		{64001F1D-C191-4664-9841-B35BB5858DC9}.Debug|Any CPU.Build.0 = Debug|Any CPU
		{64001F1D-C191-4664-9841-B35BB5858DC9}.Release|Any CPU.ActiveCfg = Release|Any CPU
		{64001F1D-C191-4664-9841-B35BB5858DC9}.Release|Any CPU.Build.0 = Release|Any CPU
		{64001F1D-C191-4664-9841-B35BB5858DC9}.Debug|iPhoneSimulator.ActiveCfg = Debug|Any CPU
		{64001F1D-C191-4664-9841-B35BB5858DC9}.Debug|iPhoneSimulator.Build.0 = Debug|Any CPU
		{64001F1D-C191-4664-9841-B35BB5858DC9}.Release|iPhoneSimulator.ActiveCfg = Release|Any CPU
		{64001F1D-C191-4664-9841-B35BB5858DC9}.Release|iPhoneSimulator.Build.0 = Release|Any CPU
		{64001F1D-C191-4664-9841-B35BB5858DC9}.Debug|iPhone.ActiveCfg = Debug|Any CPU
		{64001F1D-C191-4664-9841-B35BB5858DC9}.Debug|iPhone.Build.0 = Debug|Any CPU
		{64001F1D-C191-4664-9841-B35BB5858DC9}.Release|iPhone.ActiveCfg = Release|Any CPU
		{64001F1D-C191-4664-9841-B35BB5858DC9}.Release|iPhone.Build.0 = Release|Any CPU
		{35CE5E41-5EAB-4C3A-BDBD-D87A7A0729CF}.Debug|Any CPU.ActiveCfg = Debug|iPhoneSimulator
		{35CE5E41-5EAB-4C3A-BDBD-D87A7A0729CF}.Debug|Any CPU.Build.0 = Debug|iPhoneSimulator
		{35CE5E41-5EAB-4C3A-BDBD-D87A7A0729CF}.Release|Any CPU.ActiveCfg = Release|iPhoneSimulator
		{35CE5E41-5EAB-4C3A-BDBD-D87A7A0729CF}.Release|Any CPU.Build.0 = Release|iPhoneSimulator
		{35CE5E41-5EAB-4C3A-BDBD-D87A7A0729CF}.Debug|iPhoneSimulator.ActiveCfg = Debug|iPhoneSimulator
		{35CE5E41-5EAB-4C3A-BDBD-D87A7A0729CF}.Debug|iPhoneSimulator.Build.0 = Debug|iPhoneSimulator
		{35CE5E41-5EAB-4C3A-BDBD-D87A7A0729CF}.Release|iPhoneSimulator.ActiveCfg = Release|iPhoneSimulator
		{35CE5E41-5EAB-4C3A-BDBD-D87A7A0729CF}.Release|iPhoneSimulator.Build.0 = Release|iPhoneSimulator
		{35CE5E41-5EAB-4C3A-BDBD-D87A7A0729CF}.Debug|iPhone.ActiveCfg = Debug|iPhone
		{35CE5E41-5EAB-4C3A-BDBD-D87A7A0729CF}.Debug|iPhone.Build.0 = Debug|iPhone
		{35CE5E41-5EAB-4C3A-BDBD-D87A7A0729CF}.Release|iPhone.ActiveCfg = Release|iPhone
		{35CE5E41-5EAB-4C3A-BDBD-D87A7A0729CF}.Release|iPhone.Build.0 = Release|iPhone
		{B750841C-12E8-414C-8E09-1B580236C42E}.Debug|Any CPU.ActiveCfg = Debug|Any CPU
		{B750841C-12E8-414C-8E09-1B580236C42E}.Debug|Any CPU.Build.0 = Debug|Any CPU
		{B750841C-12E8-414C-8E09-1B580236C42E}.Release|Any CPU.ActiveCfg = Release|Any CPU
		{B750841C-12E8-414C-8E09-1B580236C42E}.Release|Any CPU.Build.0 = Release|Any CPU
		{B750841C-12E8-414C-8E09-1B580236C42E}.Debug|iPhoneSimulator.ActiveCfg = Debug|Any CPU
		{B750841C-12E8-414C-8E09-1B580236C42E}.Debug|iPhoneSimulator.Build.0 = Debug|Any CPU
		{B750841C-12E8-414C-8E09-1B580236C42E}.Release|iPhoneSimulator.ActiveCfg = Release|Any CPU
		{B750841C-12E8-414C-8E09-1B580236C42E}.Release|iPhoneSimulator.Build.0 = Release|Any CPU
		{B750841C-12E8-414C-8E09-1B580236C42E}.Debug|iPhone.ActiveCfg = Debug|Any CPU
		{B750841C-12E8-414C-8E09-1B580236C42E}.Debug|iPhone.Build.0 = Debug|Any CPU
		{B750841C-12E8-414C-8E09-1B580236C42E}.Release|iPhone.ActiveCfg = Release|Any CPU
		{B750841C-12E8-414C-8E09-1B580236C42E}.Release|iPhone.Build.0 = Release|Any CPU
		{94EE3857-4BAE-4733-B4C5-6941A94DA916}.Debug|Any CPU.ActiveCfg = Debug|Any CPU
		{94EE3857-4BAE-4733-B4C5-6941A94DA916}.Debug|Any CPU.Build.0 = Debug|Any CPU
		{94EE3857-4BAE-4733-B4C5-6941A94DA916}.Release|Any CPU.ActiveCfg = Release|Any CPU
		{94EE3857-4BAE-4733-B4C5-6941A94DA916}.Release|Any CPU.Build.0 = Release|Any CPU
		{94EE3857-4BAE-4733-B4C5-6941A94DA916}.Debug|iPhoneSimulator.ActiveCfg = Debug|Any CPU
		{94EE3857-4BAE-4733-B4C5-6941A94DA916}.Debug|iPhoneSimulator.Build.0 = Debug|Any CPU
		{94EE3857-4BAE-4733-B4C5-6941A94DA916}.Release|iPhoneSimulator.ActiveCfg = Release|Any CPU
		{94EE3857-4BAE-4733-B4C5-6941A94DA916}.Release|iPhoneSimulator.Build.0 = Release|Any CPU
		{94EE3857-4BAE-4733-B4C5-6941A94DA916}.Debug|iPhone.ActiveCfg = Debug|Any CPU
		{94EE3857-4BAE-4733-B4C5-6941A94DA916}.Debug|iPhone.Build.0 = Debug|Any CPU
		{94EE3857-4BAE-4733-B4C5-6941A94DA916}.Release|iPhone.ActiveCfg = Release|Any CPU
		{94EE3857-4BAE-4733-B4C5-6941A94DA916}.Release|iPhone.Build.0 = Release|Any CPU
		{3D7B3C08-E62E-460F-9F2C-8C17CDA7F62E}.Debug|Any CPU.ActiveCfg = Debug|Any CPU
		{3D7B3C08-E62E-460F-9F2C-8C17CDA7F62E}.Debug|Any CPU.Build.0 = Debug|Any CPU
		{3D7B3C08-E62E-460F-9F2C-8C17CDA7F62E}.Release|Any CPU.ActiveCfg = Release|Any CPU
		{3D7B3C08-E62E-460F-9F2C-8C17CDA7F62E}.Release|Any CPU.Build.0 = Release|Any CPU
		{3D7B3C08-E62E-460F-9F2C-8C17CDA7F62E}.Debug|iPhoneSimulator.ActiveCfg = Debug|Any CPU
		{3D7B3C08-E62E-460F-9F2C-8C17CDA7F62E}.Debug|iPhoneSimulator.Build.0 = Debug|Any CPU
		{3D7B3C08-E62E-460F-9F2C-8C17CDA7F62E}.Release|iPhoneSimulator.ActiveCfg = Release|Any CPU
		{3D7B3C08-E62E-460F-9F2C-8C17CDA7F62E}.Release|iPhoneSimulator.Build.0 = Release|Any CPU
		{3D7B3C08-E62E-460F-9F2C-8C17CDA7F62E}.Debug|iPhone.ActiveCfg = Debug|Any CPU
		{3D7B3C08-E62E-460F-9F2C-8C17CDA7F62E}.Debug|iPhone.Build.0 = Debug|Any CPU
		{3D7B3C08-E62E-460F-9F2C-8C17CDA7F62E}.Release|iPhone.ActiveCfg = Release|Any CPU
		{3D7B3C08-E62E-460F-9F2C-8C17CDA7F62E}.Release|iPhone.Build.0 = Release|Any CPU
	EndGlobalSection
	GlobalSection(NestedProjects) = preSolution
		{64001F1D-C191-4664-9841-B35BB5858DC9} = {3233B9CB-E4F4-44C8-A938-084A896F749B}
		{35CE5E41-5EAB-4C3A-BDBD-D87A7A0729CF} = {3233B9CB-E4F4-44C8-A938-084A896F749B}
		{B750841C-12E8-414C-8E09-1B580236C42E} = {3233B9CB-E4F4-44C8-A938-084A896F749B}
		{94EE3857-4BAE-4733-B4C5-6941A94DA916} = {3233B9CB-E4F4-44C8-A938-084A896F749B}
	EndGlobalSection
EndGlobal
